// !$*UTF8*$!
{
	archiveVersion = 1;
	classes = {
	};
	objectVersion = 46;
	objects = {

/* Begin PBXBuildFile section */
		B12FD28C1689E033005BA453 /* Cocoa.framework in Frameworks */ = {isa = PBXBuildFile; fileRef = B12FD28B1689E033005BA453 /* Cocoa.framework */; };
		B12FD2961689E033005BA453 /* InfoPlist.strings in Resources */ = {isa = PBXBuildFile; fileRef = B12FD2941689E033005BA453 /* InfoPlist.strings */; };
		B12FD2981689E033005BA453 /* main.m in Sources */ = {isa = PBXBuildFile; fileRef = B12FD2971689E033005BA453 /* main.m */; };
		B12FD29C1689E033005BA453 /* Credits.rtf in Resources */ = {isa = PBXBuildFile; fileRef = B12FD29A1689E033005BA453 /* Credits.rtf */; };
		B12FD29F1689E033005BA453 /* MMAppDelegate.m in Sources */ = {isa = PBXBuildFile; fileRef = B12FD29E1689E033005BA453 /* MMAppDelegate.m */; };
		B12FD2A91689E066005BA453 /* libsqlite3.dylib in Frameworks */ = {isa = PBXBuildFile; fileRef = B12FD2A81689E066005BA453 /* libsqlite3.dylib */; };
		B18B045D168AB2AE00912C58 /* MMTodo.m in Sources */ = {isa = PBXBuildFile; fileRef = B18B045C168AB2AE00912C58 /* MMTodo.m */; };
		B18CDB5A168C2D11008ACF40 /* ellipsis.png in Resources */ = {isa = PBXBuildFile; fileRef = B18CDB59168C2D11008ACF40 /* ellipsis.png */; };
		B1929BE3168C166E008498B0 /* MMTodoInfo.m in Sources */ = {isa = PBXBuildFile; fileRef = B1929BE2168C166E008498B0 /* MMTodoInfo.m */; };
		B1A2BD65168A1C1700A7F83D /* MainWindow.xib in Resources */ = {isa = PBXBuildFile; fileRef = B1A2BD64168A1C1700A7F83D /* MainWindow.xib */; };
		B1A2BD70168A211600A7F83D /* MMMainWindowController.m in Sources */ = {isa = PBXBuildFile; fileRef = B1A2BD6F168A211600A7F83D /* MMMainWindowController.m */; };
		B1A2BD76168A234E00A7F83D /* MainMenu.xib in Resources */ = {isa = PBXBuildFile; fileRef = B1A2BD75168A234E00A7F83D /* MainMenu.xib */; };
		B1A2BD79168A26DD00A7F83D /* MMAddTodo.m in Sources */ = {isa = PBXBuildFile; fileRef = B1A2BD78168A26DD00A7F83D /* MMAddTodo.m */; };
		B1CE8276168A0D5600F2CF1B /* MMDataController.m in Sources */ = {isa = PBXBuildFile; fileRef = B1CE8275168A0D5600F2CF1B /* MMDataController.m */; };
/* End PBXBuildFile section */

/* Begin PBXFileReference section */
		B12FD2871689E032005BA453 /* Todo.app */ = {isa = PBXFileReference; explicitFileType = wrapper.application; includeInIndex = 0; path = Todo.app; sourceTree = BUILT_PRODUCTS_DIR; };
		B12FD28B1689E033005BA453 /* Cocoa.framework */ = {isa = PBXFileReference; lastKnownFileType = wrapper.framework; name = Cocoa.framework; path = System/Library/Frameworks/Cocoa.framework; sourceTree = SDKROOT; };
		B12FD28E1689E033005BA453 /* AppKit.framework */ = {isa = PBXFileReference; lastKnownFileType = wrapper.framework; name = AppKit.framework; path = System/Library/Frameworks/AppKit.framework; sourceTree = SDKROOT; };
		B12FD28F1689E033005BA453 /* CoreData.framework */ = {isa = PBXFileReference; lastKnownFileType = wrapper.framework; name = CoreData.framework; path = System/Library/Frameworks/CoreData.framework; sourceTree = SDKROOT; };
		B12FD2901689E033005BA453 /* Foundation.framework */ = {isa = PBXFileReference; lastKnownFileType = wrapper.framework; name = Foundation.framework; path = System/Library/Frameworks/Foundation.framework; sourceTree = SDKROOT; };
		B12FD2931689E033005BA453 /* Todo-Info.plist */ = {isa = PBXFileReference; lastKnownFileType = text.plist.xml; path = "Todo-Info.plist"; sourceTree = "<group>"; };
		B12FD2951689E033005BA453 /* en */ = {isa = PBXFileReference; lastKnownFileType = text.plist.strings; name = en; path = en.lproj/InfoPlist.strings; sourceTree = "<group>"; };
		B12FD2971689E033005BA453 /* main.m */ = {isa = PBXFileReference; lastKnownFileType = sourcecode.c.objc; path = main.m; sourceTree = "<group>"; };
		B12FD2991689E033005BA453 /* Todo-Prefix.pch */ = {isa = PBXFileReference; lastKnownFileType = sourcecode.c.h; path = "Todo-Prefix.pch"; sourceTree = "<group>"; };
		B12FD29B1689E033005BA453 /* en */ = {isa = PBXFileReference; lastKnownFileType = text.rtf; name = en; path = en.lproj/Credits.rtf; sourceTree = "<group>"; };
		B12FD29D1689E033005BA453 /* MMAppDelegate.h */ = {isa = PBXFileReference; lastKnownFileType = sourcecode.c.h; path = MMAppDelegate.h; sourceTree = "<group>"; };
		B12FD29E1689E033005BA453 /* MMAppDelegate.m */ = {isa = PBXFileReference; lastKnownFileType = sourcecode.c.objc; path = MMAppDelegate.m; sourceTree = "<group>"; };
		B12FD2A81689E066005BA453 /* libsqlite3.dylib */ = {isa = PBXFileReference; lastKnownFileType = "compiled.mach-o.dylib"; name = libsqlite3.dylib; path = usr/lib/libsqlite3.dylib; sourceTree = SDKROOT; };
		B18B045B168AB2AE00912C58 /* MMTodo.h */ = {isa = PBXFileReference; fileEncoding = 4; lastKnownFileType = sourcecode.c.h; path = MMTodo.h; sourceTree = "<group>"; };
		B18B045C168AB2AE00912C58 /* MMTodo.m */ = {isa = PBXFileReference; fileEncoding = 4; lastKnownFileType = sourcecode.c.objc; path = MMTodo.m; sourceTree = "<group>"; };
		B18CDB59168C2D11008ACF40 /* ellipsis.png */ = {isa = PBXFileReference; lastKnownFileType = image.png; path = ellipsis.png; sourceTree = "<group>"; };
		B1929BE1168C166E008498B0 /* MMTodoInfo.h */ = {isa = PBXFileReference; fileEncoding = 4; lastKnownFileType = sourcecode.c.h; path = MMTodoInfo.h; sourceTree = "<group>"; };
		B1929BE2168C166E008498B0 /* MMTodoInfo.m */ = {isa = PBXFileReference; fileEncoding = 4; lastKnownFileType = sourcecode.c.objc; path = MMTodoInfo.m; sourceTree = "<group>"; };
		B1A2BD64168A1C1700A7F83D /* MainWindow.xib */ = {isa = PBXFileReference; fileEncoding = 4; lastKnownFileType = file.xib; path = MainWindow.xib; sourceTree = "<group>"; };
		B1A2BD6E168A211600A7F83D /* MMMainWindowController.h */ = {isa = PBXFileReference; fileEncoding = 4; lastKnownFileType = sourcecode.c.h; path = MMMainWindowController.h; sourceTree = "<group>"; };
		B1A2BD6F168A211600A7F83D /* MMMainWindowController.m */ = {isa = PBXFileReference; fileEncoding = 4; lastKnownFileType = sourcecode.c.objc; path = MMMainWindowController.m; sourceTree = "<group>"; };
		B1A2BD75168A234E00A7F83D /* MainMenu.xib */ = {isa = PBXFileReference; fileEncoding = 4; lastKnownFileType = file.xib; path = MainMenu.xib; sourceTree = "<group>"; };
		B1A2BD77168A26DD00A7F83D /* MMAddTodo.h */ = {isa = PBXFileReference; fileEncoding = 4; lastKnownFileType = sourcecode.c.h; path = MMAddTodo.h; sourceTree = "<group>"; };
		B1A2BD78168A26DD00A7F83D /* MMAddTodo.m */ = {isa = PBXFileReference; fileEncoding = 4; lastKnownFileType = sourcecode.c.objc; path = MMAddTodo.m; sourceTree = "<group>"; };
		B1CE8274168A0D5600F2CF1B /* MMDataController.h */ = {isa = PBXFileReference; fileEncoding = 4; lastKnownFileType = sourcecode.c.h; path = MMDataController.h; sourceTree = "<group>"; };
		B1CE8275168A0D5600F2CF1B /* MMDataController.m */ = {isa = PBXFileReference; fileEncoding = 4; lastKnownFileType = sourcecode.c.objc; path = MMDataController.m; sourceTree = "<group>"; };
/* End PBXFileReference section */

/* Begin PBXFrameworksBuildPhase section */
		B12FD2841689E032005BA453 /* Frameworks */ = {
			isa = PBXFrameworksBuildPhase;
			buildActionMask = 2147483647;
			files = (
				B12FD2A91689E066005BA453 /* libsqlite3.dylib in Frameworks */,
				B12FD28C1689E033005BA453 /* Cocoa.framework in Frameworks */,
			);
			runOnlyForDeploymentPostprocessing = 0;
		};
/* End PBXFrameworksBuildPhase section */

/* Begin PBXGroup section */
		B12FD27C1689E032005BA453 = {
			isa = PBXGroup;
			children = (
				B12FD2911689E033005BA453 /* Todo */,
				B12FD28A1689E032005BA453 /* Frameworks */,
				B12FD2881689E032005BA453 /* Products */,
			);
			sourceTree = "<group>";
		};
		B12FD2881689E032005BA453 /* Products */ = {
			isa = PBXGroup;
			children = (
				B12FD2871689E032005BA453 /* Todo.app */,
			);
			name = Products;
			sourceTree = "<group>";
		};
		B12FD28A1689E032005BA453 /* Frameworks */ = {
			isa = PBXGroup;
			children = (
				B12FD28B1689E033005BA453 /* Cocoa.framework */,
				B12FD28D1689E033005BA453 /* Other Frameworks */,
			);
			name = Frameworks;
			sourceTree = "<group>";
		};
		B12FD28D1689E033005BA453 /* Other Frameworks */ = {
			isa = PBXGroup;
			children = (
				B12FD28E1689E033005BA453 /* AppKit.framework */,
				B12FD28F1689E033005BA453 /* CoreData.framework */,
				B12FD2901689E033005BA453 /* Foundation.framework */,
			);
			name = "Other Frameworks";
			sourceTree = "<group>";
		};
		B12FD2911689E033005BA453 /* Todo */ = {
			isa = PBXGroup;
			children = (
				B18CDB4D168C29A2008ACF40 /* Images */,
				B1A2BD7A168A26E300A7F83D /* Views */,
				B1A2BD63168A1AED00A7F83D /* Nibs */,
				B12FD2AF1689E150005BA453 /* Controllers */,
				B12FD2AE1689E147005BA453 /* Models */,
				B12FD2AA1689E0A8005BA453 /* Libs */,
				B12FD29D1689E033005BA453 /* MMAppDelegate.h */,
				B12FD29E1689E033005BA453 /* MMAppDelegate.m */,
				B12FD2921689E033005BA453 /* Supporting Files */,
			);
			path = Todo;
			sourceTree = "<group>";
		};
		B12FD2921689E033005BA453 /* Supporting Files */ = {
			isa = PBXGroup;
			children = (
				B12FD2931689E033005BA453 /* Todo-Info.plist */,
				B12FD2941689E033005BA453 /* InfoPlist.strings */,
				B12FD2971689E033005BA453 /* main.m */,
				B12FD2991689E033005BA453 /* Todo-Prefix.pch */,
				B12FD29A1689E033005BA453 /* Credits.rtf */,
			);
			name = "Supporting Files";
			sourceTree = "<group>";
		};
		B12FD2AA1689E0A8005BA453 /* Libs */ = {
			isa = PBXGroup;
			children = (
				B12FD2A81689E066005BA453 /* libsqlite3.dylib */,
			);
			name = Libs;
			path = ..;
			sourceTree = "<group>";
		};
		B12FD2AE1689E147005BA453 /* Models */ = {
			isa = PBXGroup;
			children = (
				B18B045B168AB2AE00912C58 /* MMTodo.h */,
				B18B045C168AB2AE00912C58 /* MMTodo.m */,
			);
			name = Models;
			sourceTree = "<group>";
		};
		B12FD2AF1689E150005BA453 /* Controllers */ = {
			isa = PBXGroup;
			children = (
				B1CE8274168A0D5600F2CF1B /* MMDataController.h */,
				B1CE8275168A0D5600F2CF1B /* MMDataController.m */,
				B1A2BD6E168A211600A7F83D /* MMMainWindowController.h */,
				B1A2BD6F168A211600A7F83D /* MMMainWindowController.m */,
			);
			name = Controllers;
			sourceTree = "<group>";
		};
		B18CDB4D168C29A2008ACF40 /* Images */ = {
			isa = PBXGroup;
			children = (
				B18CDB59168C2D11008ACF40 /* ellipsis.png */,
			);
			name = Images;
			sourceTree = "<group>";
		};
		B1A2BD63168A1AED00A7F83D /* Nibs */ = {
			isa = PBXGroup;
			children = (
				B1A2BD64168A1C1700A7F83D /* MainWindow.xib */,
				B1A2BD75168A234E00A7F83D /* MainMenu.xib */,
			);
			name = Nibs;
			sourceTree = "<group>";
		};
		B1A2BD7A168A26E300A7F83D /* Views */ = {
			isa = PBXGroup;
			children = (
				B1A2BD77168A26DD00A7F83D /* MMAddTodo.h */,
				B1A2BD78168A26DD00A7F83D /* MMAddTodo.m */,
				B1929BE1168C166E008498B0 /* MMTodoInfo.h */,
				B1929BE2168C166E008498B0 /* MMTodoInfo.m */,
			);
			name = Views;
			sourceTree = "<group>";
		};
/* End PBXGroup section */

/* Begin PBXNativeTarget section */
		B12FD2861689E032005BA453 /* Todo */ = {
			isa = PBXNativeTarget;
			buildConfigurationList = B12FD2A51689E033005BA453 /* Build configuration list for PBXNativeTarget "Todo" */;
			buildPhases = (
				B12FD2831689E032005BA453 /* Sources */,
				B12FD2841689E032005BA453 /* Frameworks */,
				B12FD2851689E032005BA453 /* Resources */,
			);
			buildRules = (
			);
			dependencies = (
			);
			name = Todo;
			productName = Todo;
			productReference = B12FD2871689E032005BA453 /* Todo.app */;
			productType = "com.apple.product-type.application";
		};
/* End PBXNativeTarget section */

/* Begin PBXProject section */
		B12FD27E1689E032005BA453 /* Project object */ = {
			isa = PBXProject;
			attributes = {
				CLASSPREFIX = MM;
				LastUpgradeCheck = 0450;
				ORGANIZATIONNAME = "Marconi Moreto";
			};
			buildConfigurationList = B12FD2811689E032005BA453 /* Build configuration list for PBXProject "Todo" */;
			compatibilityVersion = "Xcode 3.2";
			developmentRegion = English;
			hasScannedForEncodings = 0;
			knownRegions = (
				en,
			);
			mainGroup = B12FD27C1689E032005BA453;
			productRefGroup = B12FD2881689E032005BA453 /* Products */;
			projectDirPath = "";
			projectRoot = "";
			targets = (
				B12FD2861689E032005BA453 /* Todo */,
			);
		};
/* End PBXProject section */

/* Begin PBXResourcesBuildPhase section */
		B12FD2851689E032005BA453 /* Resources */ = {
			isa = PBXResourcesBuildPhase;
			buildActionMask = 2147483647;
			files = (
				B12FD2961689E033005BA453 /* InfoPlist.strings in Resources */,
				B12FD29C1689E033005BA453 /* Credits.rtf in Resources */,
				B1A2BD65168A1C1700A7F83D /* MainWindow.xib in Resources */,
				B1A2BD76168A234E00A7F83D /* MainMenu.xib in Resources */,
				B18CDB5A168C2D11008ACF40 /* ellipsis.png in Resources */,
			);
			runOnlyForDeploymentPostprocessing = 0;
		};
/* End PBXResourcesBuildPhase section */

/* Begin PBXSourcesBuildPhase section */
		B12FD2831689E032005BA453 /* Sources */ = {
			isa = PBXSourcesBuildPhase;
			buildActionMask = 2147483647;
			files = (
				B12FD2981689E033005BA453 /* main.m in Sources */,
				B12FD29F1689E033005BA453 /* MMAppDelegate.m in Sources */,
				B1CE8276168A0D5600F2CF1B /* MMDataController.m in Sources */,
				B1A2BD70168A211600A7F83D /* MMMainWindowController.m in Sources */,
				B1A2BD79168A26DD00A7F83D /* MMAddTodo.m in Sources */,
				B18B045D168AB2AE00912C58 /* MMTodo.m in Sources */,
				B1929BE3168C166E008498B0 /* MMTodoInfo.m in Sources */,
			);
			runOnlyForDeploymentPostprocessing = 0;
		};
/* End PBXSourcesBuildPhase section */

/* Begin PBXVariantGroup section */
		B12FD2941689E033005BA453 /* InfoPlist.strings */ = {
			isa = PBXVariantGroup;
			children = (
				B12FD2951689E033005BA453 /* en */,
			);
			name = InfoPlist.strings;
			sourceTree = "<group>";
		};
		B12FD29A1689E033005BA453 /* Credits.rtf */ = {
			isa = PBXVariantGroup;
			children = (
				B12FD29B1689E033005BA453 /* en */,
			);
			name = Credits.rtf;
			sourceTree = "<group>";
		};
/* End PBXVariantGroup section */

/* Begin XCBuildConfiguration section */
		B12FD2A31689E033005BA453 /* Debug */ = {
			isa = XCBuildConfiguration;
			buildSettings = {
				ALWAYS_SEARCH_USER_PATHS = NO;
				ARCHS = "$(ARCHS_STANDARD_64_BIT)";
				CLANG_CXX_LANGUAGE_STANDARD = "gnu++0x";
				CLANG_CXX_LIBRARY = "libc++";
				CLANG_WARN_EMPTY_BODY = YES;
				CLANG_WARN__DUPLICATE_METHOD_MATCH = YES;
				COPY_PHASE_STRIP = NO;
				GCC_C_LANGUAGE_STANDARD = gnu99;
				GCC_DYNAMIC_NO_PIC = NO;
				GCC_ENABLE_OBJC_EXCEPTIONS = YES;
				GCC_OPTIMIZATION_LEVEL = 0;
				GCC_PREPROCESSOR_DEFINITIONS = (
					"DEBUG=1",
					"$(inherited)",
				);
				GCC_SYMBOLS_PRIVATE_EXTERN = NO;
				GCC_WARN_64_TO_32_BIT_CONVERSION = YES;
				GCC_WARN_ABOUT_RETURN_TYPE = YES;
				GCC_WARN_UNINITIALIZED_AUTOS = YES;
				GCC_WARN_UNUSED_VARIABLE = YES;
				MACOSX_DEPLOYMENT_TARGET = 10.7;
				ONLY_ACTIVE_ARCH = YES;
				SDKROOT = macosx;
			};
			name = Debug;
		};
		B12FD2A41689E033005BA453 /* Release */ = {
			isa = XCBuildConfiguration;
			buildSettings = {
				ALWAYS_SEARCH_USER_PATHS = NO;
				ARCHS = "$(ARCHS_STANDARD_64_BIT)";
				CLANG_CXX_LANGUAGE_STANDARD = "gnu++0x";
				CLANG_CXX_LIBRARY = "libc++";
				CLANG_WARN_EMPTY_BODY = YES;
				CLANG_WARN__DUPLICATE_METHOD_MATCH = YES;
				COPY_PHASE_STRIP = YES;
				DEBUG_INFORMATION_FORMAT = "dwarf-with-dsym";
				GCC_C_LANGUAGE_STANDARD = gnu99;
				GCC_ENABLE_OBJC_EXCEPTIONS = YES;
				GCC_WARN_64_TO_32_BIT_CONVERSION = YES;
				GCC_WARN_ABOUT_RETURN_TYPE = YES;
				GCC_WARN_UNINITIALIZED_AUTOS = YES;
				GCC_WARN_UNUSED_VARIABLE = YES;
				MACOSX_DEPLOYMENT_TARGET = 10.7;
				SDKROOT = macosx;
			};
			name = Release;
		};
		B12FD2A61689E033005BA453 /* Debug */ = {
			isa = XCBuildConfiguration;
			buildSettings = {
				COMBINE_HIDPI_IMAGES = YES;
				GCC_PRECOMPILE_PREFIX_HEADER = YES;
				GCC_PREFIX_HEADER = "Todo/Todo-Prefix.pch";
				INFOPLIST_FILE = "Todo/Todo-Info.plist";
				PRODUCT_NAME = "$(TARGET_NAME)";
				WRAPPER_EXTENSION = app;
			};
			name = Debug;
		};
		B12FD2A71689E033005BA453 /* Release */ = {
			isa = XCBuildConfiguration;
			buildSettings = {
				COMBINE_HIDPI_IMAGES = YES;
				GCC_PRECOMPILE_PREFIX_HEADER = YES;
				GCC_PREFIX_HEADER = "Todo/Todo-Prefix.pch";
				INFOPLIST_FILE = "Todo/Todo-Info.plist";
				PRODUCT_NAME = "$(TARGET_NAME)";
				WRAPPER_EXTENSION = app;
			};
			name = Release;
		};
/* End XCBuildConfiguration section */

/* Begin XCConfigurationList section */
		B12FD2811689E032005BA453 /* Build configuration list for PBXProject "Todo" */ = {
			isa = XCConfigurationList;
			buildConfigurations = (
				B12FD2A31689E033005BA453 /* Debug */,
				B12FD2A41689E033005BA453 /* Release */,
			);
			defaultConfigurationIsVisible = 0;
			defaultConfigurationName = Release;
		};
		B12FD2A51689E033005BA453 /* Build configuration list for PBXNativeTarget "Todo" */ = {
			isa = XCConfigurationList;
			buildConfigurations = (
				B12FD2A61689E033005BA453 /* Debug */,
				B12FD2A71689E033005BA453 /* Release */,
			);
			defaultConfigurationIsVisible = 0;
			defaultConfigurationName = Release;
		};
/* End XCConfigurationList section */
	};
	rootObject = B12FD27E1689E032005BA453 /* Project object */;
}
